
Microsoft Visual Studio Solution File, Format Version 12.00
# Visual Studio Version 17
VisualStudioVersion = 17.1.32421.90
MinimumVisualStudioVersion = 10.0.40219.1
Project("{2150E333-8FDC-42A3-9474-1A3956D46DE8}") = "src", "src", "{5E057001-EC3A-46C7-B54F-6820B1DBB7FE}"
EndProject
Project("{2150E333-8FDC-42A3-9474-1A3956D46DE8}") = "Creational", "Creational", "{3BAE46EC-896B-4473-AAF8-9656D4B69F2F}"
EndProject
Project("{2150E333-8FDC-42A3-9474-1A3956D46DE8}") = "Structural", "Structural", "{8AA06F02-237D-4790-990B-01D6F2DCE9A9}"
EndProject
Project("{2150E333-8FDC-42A3-9474-1A3956D46DE8}") = "Behavioral", "Behavioral", "{C40F78D1-E305-45D6-AA98-D4BF7BA60DDB}"
EndProject
Project("{2150E333-8FDC-42A3-9474-1A3956D46DE8}") = "Observers", "Observers", "{3EBD3060-2125-4B77-B802-9D3BB30C4A69}"
EndProject
Project("{9A19103F-16F7-4668-BE54-9A1E7A4F7556}") = "DesignPattern.Observer", "DesignPattern.Observer\DesignPattern.Observer.csproj", "{2A5FDACE-5DDE-4216-92F0-6752D1164862}"
EndProject
Project("{9A19103F-16F7-4668-BE54-9A1E7A4F7556}") = "DesignPattern.Observer.WithMarker", "DesignPattern.Observer.WithMarker\DesignPattern.Observer.WithMarker.csproj", "{BACC3D89-38DC-443F-BE56-1F1C6C63408F}"
EndProject
Project("{2150E333-8FDC-42A3-9474-1A3956D46DE8}") = "Commands", "Commands", "{F28ABA5E-2363-4D96-9301-C2058E493196}"
EndProject
Project("{2150E333-8FDC-42A3-9474-1A3956D46DE8}") = "Framework", "Framework", "{FB82C538-CE0D-4E60-A381-0AB680C888BC}"
EndProject
Project("{9A19103F-16F7-4668-BE54-9A1E7A4F7556}") = "DesignPattern.Command.Endpoint.Api", "DesignPattern.Command.Endpoint.Api\DesignPattern.Command.Endpoint.Api.csproj", "{E8DBFBDF-3735-4EEF-B00A-E2FACCEA1ED1}"
EndProject
Project("{9A19103F-16F7-4668-BE54-9A1E7A4F7556}") = "DesignPattern.Framework", "DesignPattern.Framework\DesignPattern.Framework.csproj", "{0A4F1CC8-FE7A-4117-85F1-E7A164D21AD9}"
EndProject
Project("{9A19103F-16F7-4668-BE54-9A1E7A4F7556}") = "DesignPattern.Command.Application", "DesignPattern.Command.Application\DesignPattern.Command.Application.csproj", "{3726611A-8239-4AEB-B450-3400FF8914E9}"
EndProject
Project("{2150E333-8FDC-42A3-9474-1A3956D46DE8}") = "Documents", "Documents", "{D505C154-37E9-4362-838B-4FA22A55E054}"
EndProject
Project("{9A19103F-16F7-4668-BE54-9A1E7A4F7556}") = "DesignPattern.Document", "DesignPattern.Document\DesignPattern.Document.csproj", "{C7A8FEF4-ABA0-4B25-AEFF-ACB2E51E7922}"
EndProject
Project("{2150E333-8FDC-42A3-9474-1A3956D46DE8}") = "Builders", "Builders", "{BE4F2165-D57E-4FF9-AF4D-B8AB5E7936DA}"
EndProject
Project("{9A19103F-16F7-4668-BE54-9A1E7A4F7556}") = "DesignPattern.SimpleBuilder", "DesignPattern.SimpleBuilder\DesignPattern.SimpleBuilder.csproj", "{3AD84B0F-1BDA-4918-AC10-F829E677D828}"
EndProject
Project("{FAE04EC0-301F-11D3-BF4B-00C04F79EFBC}") = "DesignPattern.Builder", "DesignPattern.Builder\DesignPattern.Builder.csproj", "{63EE3464-84F8-4D27-8DD1-C67DF67633F1}"
EndProject
Project("{FAE04EC0-301F-11D3-BF4B-00C04F79EFBC}") = "DesignPattern.FluentBuilder", "DesignPattern.FluentBuilder\DesignPattern.FluentBuilder.csproj", "{42A807E1-D087-44A3-BD23-FAC8A8513E0D}"
EndProject
Global
	GlobalSection(SolutionConfigurationPlatforms) = preSolution
		Debug|Any CPU = Debug|Any CPU
		Release|Any CPU = Release|Any CPU
	EndGlobalSection
	GlobalSection(ProjectConfigurationPlatforms) = postSolution
		{2A5FDACE-5DDE-4216-92F0-6752D1164862}.Debug|Any CPU.ActiveCfg = Debug|Any CPU
		{2A5FDACE-5DDE-4216-92F0-6752D1164862}.Debug|Any CPU.Build.0 = Debug|Any CPU
		{2A5FDACE-5DDE-4216-92F0-6752D1164862}.Release|Any CPU.ActiveCfg = Release|Any CPU
		{2A5FDACE-5DDE-4216-92F0-6752D1164862}.Release|Any CPU.Build.0 = Release|Any CPU
		{BACC3D89-38DC-443F-BE56-1F1C6C63408F}.Debug|Any CPU.ActiveCfg = Debug|Any CPU
		{BACC3D89-38DC-443F-BE56-1F1C6C63408F}.Debug|Any CPU.Build.0 = Debug|Any CPU
		{BACC3D89-38DC-443F-BE56-1F1C6C63408F}.Release|Any CPU.ActiveCfg = Release|Any CPU
		{BACC3D89-38DC-443F-BE56-1F1C6C63408F}.Release|Any CPU.Build.0 = Release|Any CPU
		{E8DBFBDF-3735-4EEF-B00A-E2FACCEA1ED1}.Debug|Any CPU.ActiveCfg = Debug|Any CPU
		{E8DBFBDF-3735-4EEF-B00A-E2FACCEA1ED1}.Debug|Any CPU.Build.0 = Debug|Any CPU
		{E8DBFBDF-3735-4EEF-B00A-E2FACCEA1ED1}.Release|Any CPU.ActiveCfg = Release|Any CPU
		{E8DBFBDF-3735-4EEF-B00A-E2FACCEA1ED1}.Release|Any CPU.Build.0 = Release|Any CPU
		{0A4F1CC8-FE7A-4117-85F1-E7A164D21AD9}.Debug|Any CPU.ActiveCfg = Debug|Any CPU
		{0A4F1CC8-FE7A-4117-85F1-E7A164D21AD9}.Debug|Any CPU.Build.0 = Debug|Any CPU
		{0A4F1CC8-FE7A-4117-85F1-E7A164D21AD9}.Release|Any CPU.ActiveCfg = Release|Any CPU
		{0A4F1CC8-FE7A-4117-85F1-E7A164D21AD9}.Release|Any CPU.Build.0 = Release|Any CPU
		{3726611A-8239-4AEB-B450-3400FF8914E9}.Debug|Any CPU.ActiveCfg = Debug|Any CPU
		{3726611A-8239-4AEB-B450-3400FF8914E9}.Debug|Any CPU.Build.0 = Debug|Any CPU
		{3726611A-8239-4AEB-B450-3400FF8914E9}.Release|Any CPU.ActiveCfg = Release|Any CPU
		{3726611A-8239-4AEB-B450-3400FF8914E9}.Release|Any CPU.Build.0 = Release|Any CPU
		{C7A8FEF4-ABA0-4B25-AEFF-ACB2E51E7922}.Debug|Any CPU.ActiveCfg = Debug|Any CPU
		{C7A8FEF4-ABA0-4B25-AEFF-ACB2E51E7922}.Debug|Any CPU.Build.0 = Debug|Any CPU
		{C7A8FEF4-ABA0-4B25-AEFF-ACB2E51E7922}.Release|Any CPU.ActiveCfg = Release|Any CPU
		{C7A8FEF4-ABA0-4B25-AEFF-ACB2E51E7922}.Release|Any CPU.Build.0 = Release|Any CPU
		{3AD84B0F-1BDA-4918-AC10-F829E677D828}.Debug|Any CPU.ActiveCfg = Debug|Any CPU
		{3AD84B0F-1BDA-4918-AC10-F829E677D828}.Debug|Any CPU.Build.0 = Debug|Any CPU
		{3AD84B0F-1BDA-4918-AC10-F829E677D828}.Release|Any CPU.ActiveCfg = Release|Any CPU
		{3AD84B0F-1BDA-4918-AC10-F829E677D828}.Release|Any CPU.Build.0 = Release|Any CPU
		{63EE3464-84F8-4D27-8DD1-C67DF67633F1}.Debug|Any CPU.ActiveCfg = Debug|Any CPU
		{63EE3464-84F8-4D27-8DD1-C67DF67633F1}.Debug|Any CPU.Build.0 = Debug|Any CPU
		{63EE3464-84F8-4D27-8DD1-C67DF67633F1}.Release|Any CPU.ActiveCfg = Release|Any CPU
		{63EE3464-84F8-4D27-8DD1-C67DF67633F1}.Release|Any CPU.Build.0 = Release|Any CPU
		{42A807E1-D087-44A3-BD23-FAC8A8513E0D}.Debug|Any CPU.ActiveCfg = Debug|Any CPU
		{42A807E1-D087-44A3-BD23-FAC8A8513E0D}.Debug|Any CPU.Build.0 = Debug|Any CPU
		{42A807E1-D087-44A3-BD23-FAC8A8513E0D}.Release|Any CPU.ActiveCfg = Release|Any CPU
		{42A807E1-D087-44A3-BD23-FAC8A8513E0D}.Release|Any CPU.Build.0 = Release|Any CPU
	EndGlobalSection
	GlobalSection(SolutionProperties) = preSolution
		HideSolutionNode = FALSE
	EndGlobalSection
	GlobalSection(NestedProjects) = preSolution
		{3BAE46EC-896B-4473-AAF8-9656D4B69F2F} = {5E057001-EC3A-46C7-B54F-6820B1DBB7FE}
		{8AA06F02-237D-4790-990B-01D6F2DCE9A9} = {5E057001-EC3A-46C7-B54F-6820B1DBB7FE}
		{C40F78D1-E305-45D6-AA98-D4BF7BA60DDB} = {5E057001-EC3A-46C7-B54F-6820B1DBB7FE}
		{3EBD3060-2125-4B77-B802-9D3BB30C4A69} = {C40F78D1-E305-45D6-AA98-D4BF7BA60DDB}
		{2A5FDACE-5DDE-4216-92F0-6752D1164862} = {3EBD3060-2125-4B77-B802-9D3BB30C4A69}
		{BACC3D89-38DC-443F-BE56-1F1C6C63408F} = {3EBD3060-2125-4B77-B802-9D3BB30C4A69}
		{F28ABA5E-2363-4D96-9301-C2058E493196} = {C40F78D1-E305-45D6-AA98-D4BF7BA60DDB}
		{FB82C538-CE0D-4E60-A381-0AB680C888BC} = {F28ABA5E-2363-4D96-9301-C2058E493196}
		{E8DBFBDF-3735-4EEF-B00A-E2FACCEA1ED1} = {F28ABA5E-2363-4D96-9301-C2058E493196}
		{0A4F1CC8-FE7A-4117-85F1-E7A164D21AD9} = {FB82C538-CE0D-4E60-A381-0AB680C888BC}
		{3726611A-8239-4AEB-B450-3400FF8914E9} = {F28ABA5E-2363-4D96-9301-C2058E493196}
		{C7A8FEF4-ABA0-4B25-AEFF-ACB2E51E7922} = {D505C154-37E9-4362-838B-4FA22A55E054}
		{BE4F2165-D57E-4FF9-AF4D-B8AB5E7936DA} = {3BAE46EC-896B-4473-AAF8-9656D4B69F2F}
		{3AD84B0F-1BDA-4918-AC10-F829E677D828} = {BE4F2165-D57E-4FF9-AF4D-B8AB5E7936DA}
		{63EE3464-84F8-4D27-8DD1-C67DF67633F1} = {BE4F2165-D57E-4FF9-AF4D-B8AB5E7936DA}
		{42A807E1-D087-44A3-BD23-FAC8A8513E0D} = {BE4F2165-D57E-4FF9-AF4D-B8AB5E7936DA}
	EndGlobalSection
	GlobalSection(ExtensibilityGlobals) = postSolution
		SolutionGuid = {BA635945-9BC8-4FB5-AB66-9B1DC002F830}
	EndGlobalSection
EndGlobal
